// !$*UTF8*$!
{
	archiveVersion = 1;
	classes = {
	};
	objectVersion = 50;
	objects = {

/* Begin PBXBuildFile section */
		90DA30AA238D657300AF9AF2 /* AppDelegate.swift in Sources */ = {isa = PBXBuildFile; fileRef = 90DA30A9238D657300AF9AF2 /* AppDelegate.swift */; };
		90DA30AC238D657300AF9AF2 /* SceneDelegate.swift in Sources */ = {isa = PBXBuildFile; fileRef = 90DA30AB238D657300AF9AF2 /* SceneDelegate.swift */; };
		90DA30AE238D657300AF9AF2 /* CurveExplorerViewController.swift in Sources */ = {isa = PBXBuildFile; fileRef = 90DA30AD238D657300AF9AF2 /* CurveExplorerViewController.swift */; };
		90DA30B1238D657300AF9AF2 /* Main.storyboard in Resources */ = {isa = PBXBuildFile; fileRef = 90DA30AF238D657300AF9AF2 /* Main.storyboard */; };
		90DA30B3238D657400AF9AF2 /* Assets.xcassets in Resources */ = {isa = PBXBuildFile; fileRef = 90DA30B2238D657400AF9AF2 /* Assets.xcassets */; };
		90DA30B6238D657400AF9AF2 /* LaunchScreen.storyboard in Resources */ = {isa = PBXBuildFile; fileRef = 90DA30B4238D657400AF9AF2 /* LaunchScreen.storyboard */; };
		90DA30C1238D657400AF9AF2 /* CurveMovieExplorerTests.swift in Sources */ = {isa = PBXBuildFile; fileRef = 90DA30C0238D657400AF9AF2 /* CurveMovieExplorerTests.swift */; };
		90DA30CC238D657400AF9AF2 /* CurveMovieExplorerUITests.swift in Sources */ = {isa = PBXBuildFile; fileRef = 90DA30CB238D657400AF9AF2 /* CurveMovieExplorerUITests.swift */; };
		90DA30DE2390045B00AF9AF2 /* MovieOverviewTableCell.swift in Sources */ = {isa = PBXBuildFile; fileRef = 90DA30DD2390045B00AF9AF2 /* MovieOverviewTableCell.swift */; };
		90DA30E0239035ED00AF9AF2 /* CurveMovieExplorerViewModel.swift in Sources */ = {isa = PBXBuildFile; fileRef = 90DA30DF239035ED00AF9AF2 /* CurveMovieExplorerViewModel.swift */; };
		90DA30E2239038E000AF9AF2 /* NetworkQueryService.swift in Sources */ = {isa = PBXBuildFile; fileRef = 90DA30E1239038E000AF9AF2 /* NetworkQueryService.swift */; };
		90DA30E4239038F600AF9AF2 /* NetworkDownloadService.swift in Sources */ = {isa = PBXBuildFile; fileRef = 90DA30E3239038F600AF9AF2 /* NetworkDownloadService.swift */; };
		90DA30E62390395D00AF9AF2 /* Movie.swift in Sources */ = {isa = PBXBuildFile; fileRef = 90DA30E52390395D00AF9AF2 /* Movie.swift */; };
/* End PBXBuildFile section */

/* Begin PBXContainerItemProxy section */
		90DA30BD238D657400AF9AF2 /* PBXContainerItemProxy */ = {
			isa = PBXContainerItemProxy;
			containerPortal = 90DA309E238D657300AF9AF2 /* Project object */;
			proxyType = 1;
			remoteGlobalIDString = 90DA30A5238D657300AF9AF2;
			remoteInfo = CurveMovieExplorer;
		};
		90DA30C8238D657400AF9AF2 /* PBXContainerItemProxy */ = {
			isa = PBXContainerItemProxy;
			containerPortal = 90DA309E238D657300AF9AF2 /* Project object */;
			proxyType = 1;
			remoteGlobalIDString = 90DA30A5238D657300AF9AF2;
			remoteInfo = CurveMovieExplorer;
		};
/* End PBXContainerItemProxy section */

/* Begin PBXFileReference section */
		90DA30A6238D657300AF9AF2 /* CurveMovieExplorer.app */ = {isa = PBXFileReference; explicitFileType = wrapper.application; includeInIndex = 0; path = CurveMovieExplorer.app; sourceTree = BUILT_PRODUCTS_DIR; };
		90DA30A9238D657300AF9AF2 /* AppDelegate.swift */ = {isa = PBXFileReference; lastKnownFileType = sourcecode.swift; path = AppDelegate.swift; sourceTree = "<group>"; };
		90DA30AB238D657300AF9AF2 /* SceneDelegate.swift */ = {isa = PBXFileReference; lastKnownFileType = sourcecode.swift; path = SceneDelegate.swift; sourceTree = "<group>"; };
		90DA30AD238D657300AF9AF2 /* CurveExplorerViewController.swift */ = {isa = PBXFileReference; lastKnownFileType = sourcecode.swift; path = CurveExplorerViewController.swift; sourceTree = "<group>"; };
		90DA30B0238D657300AF9AF2 /* Base */ = {isa = PBXFileReference; lastKnownFileType = file.storyboard; name = Base; path = Base.lproj/Main.storyboard; sourceTree = "<group>"; };
		90DA30B2238D657400AF9AF2 /* Assets.xcassets */ = {isa = PBXFileReference; lastKnownFileType = folder.assetcatalog; path = Assets.xcassets; sourceTree = "<group>"; };
		90DA30B5238D657400AF9AF2 /* Base */ = {isa = PBXFileReference; lastKnownFileType = file.storyboard; name = Base; path = Base.lproj/LaunchScreen.storyboard; sourceTree = "<group>"; };
		90DA30B7238D657400AF9AF2 /* Info.plist */ = {isa = PBXFileReference; lastKnownFileType = text.plist.xml; path = Info.plist; sourceTree = "<group>"; };
		90DA30BC238D657400AF9AF2 /* CurveMovieExplorerTests.xctest */ = {isa = PBXFileReference; explicitFileType = wrapper.cfbundle; includeInIndex = 0; path = CurveMovieExplorerTests.xctest; sourceTree = BUILT_PRODUCTS_DIR; };
		90DA30C0238D657400AF9AF2 /* CurveMovieExplorerTests.swift */ = {isa = PBXFileReference; lastKnownFileType = sourcecode.swift; path = CurveMovieExplorerTests.swift; sourceTree = "<group>"; };
		90DA30C2238D657400AF9AF2 /* Info.plist */ = {isa = PBXFileReference; lastKnownFileType = text.plist.xml; path = Info.plist; sourceTree = "<group>"; };
		90DA30C7238D657400AF9AF2 /* CurveMovieExplorerUITests.xctest */ = {isa = PBXFileReference; explicitFileType = wrapper.cfbundle; includeInIndex = 0; path = CurveMovieExplorerUITests.xctest; sourceTree = BUILT_PRODUCTS_DIR; };
		90DA30CB238D657400AF9AF2 /* CurveMovieExplorerUITests.swift */ = {isa = PBXFileReference; lastKnownFileType = sourcecode.swift; path = CurveMovieExplorerUITests.swift; sourceTree = "<group>"; };
		90DA30CD238D657400AF9AF2 /* Info.plist */ = {isa = PBXFileReference; lastKnownFileType = text.plist.xml; path = Info.plist; sourceTree = "<group>"; };
		90DA30DD2390045B00AF9AF2 /* MovieOverviewTableCell.swift */ = {isa = PBXFileReference; lastKnownFileType = sourcecode.swift; path = MovieOverviewTableCell.swift; sourceTree = "<group>"; };
		90DA30DF239035ED00AF9AF2 /* CurveMovieExplorerViewModel.swift */ = {isa = PBXFileReference; lastKnownFileType = sourcecode.swift; path = CurveMovieExplorerViewModel.swift; sourceTree = "<group>"; };
		90DA30E1239038E000AF9AF2 /* NetworkQueryService.swift */ = {isa = PBXFileReference; lastKnownFileType = sourcecode.swift; path = NetworkQueryService.swift; sourceTree = "<group>"; };
		90DA30E3239038F600AF9AF2 /* NetworkDownloadService.swift */ = {isa = PBXFileReference; lastKnownFileType = sourcecode.swift; path = NetworkDownloadService.swift; sourceTree = "<group>"; };
		90DA30E52390395D00AF9AF2 /* Movie.swift */ = {isa = PBXFileReference; lastKnownFileType = sourcecode.swift; path = Movie.swift; sourceTree = "<group>"; };
/* End PBXFileReference section */

/* Begin PBXFrameworksBuildPhase section */
		90DA30A3238D657300AF9AF2 /* Frameworks */ = {
			isa = PBXFrameworksBuildPhase;
			buildActionMask = 2147483647;
			files = (
			);
			runOnlyForDeploymentPostprocessing = 0;
		};
		90DA30B9238D657400AF9AF2 /* Frameworks */ = {
			isa = PBXFrameworksBuildPhase;
			buildActionMask = 2147483647;
			files = (
			);
			runOnlyForDeploymentPostprocessing = 0;
		};
		90DA30C4238D657400AF9AF2 /* Frameworks */ = {
			isa = PBXFrameworksBuildPhase;
			buildActionMask = 2147483647;
			files = (
			);
			runOnlyForDeploymentPostprocessing = 0;
		};
/* End PBXFrameworksBuildPhase section */

/* Begin PBXGroup section */
		90DA309D238D657300AF9AF2 = {
			isa = PBXGroup;
			children = (
				90DA30A8238D657300AF9AF2 /* CurveMovieExplorer */,
				90DA30BF238D657400AF9AF2 /* CurveMovieExplorerTests */,
				90DA30CA238D657400AF9AF2 /* CurveMovieExplorerUITests */,
				90DA30A7238D657300AF9AF2 /* Products */,
			);
			sourceTree = "<group>";
		};
		90DA30A7238D657300AF9AF2 /* Products */ = {
			isa = PBXGroup;
			children = (
				90DA30A6238D657300AF9AF2 /* CurveMovieExplorer.app */,
				90DA30BC238D657400AF9AF2 /* CurveMovieExplorerTests.xctest */,
				90DA30C7238D657400AF9AF2 /* CurveMovieExplorerUITests.xctest */,
			);
			name = Products;
			sourceTree = "<group>";
		};
		90DA30A8238D657300AF9AF2 /* CurveMovieExplorer */ = {
			isa = PBXGroup;
			children = (
				90DA30D9239003B100AF9AF2 /* Views */,
				90DA30DA239003BC00AF9AF2 /* ViewModel */,
				90DA30DB239003C900AF9AF2 /* Network */,
				90DA30DC239003D900AF9AF2 /* Model */,
				90DA30A9238D657300AF9AF2 /* AppDelegate.swift */,
				90DA30AB238D657300AF9AF2 /* SceneDelegate.swift */,
				90DA30AF238D657300AF9AF2 /* Main.storyboard */,
				90DA30B2238D657400AF9AF2 /* Assets.xcassets */,
				90DA30B4238D657400AF9AF2 /* LaunchScreen.storyboard */,
				90DA30B7238D657400AF9AF2 /* Info.plist */,
			);
			path = CurveMovieExplorer;
			sourceTree = "<group>";
		};
		90DA30BF238D657400AF9AF2 /* CurveMovieExplorerTests */ = {
			isa = PBXGroup;
			children = (
				90DA30C0238D657400AF9AF2 /* CurveMovieExplorerTests.swift */,
				90DA30C2238D657400AF9AF2 /* Info.plist */,
			);
			path = CurveMovieExplorerTests;
			sourceTree = "<group>";
		};
		90DA30CA238D657400AF9AF2 /* CurveMovieExplorerUITests */ = {
			isa = PBXGroup;
			children = (
				90DA30CB238D657400AF9AF2 /* CurveMovieExplorerUITests.swift */,
				90DA30CD238D657400AF9AF2 /* Info.plist */,
			);
			path = CurveMovieExplorerUITests;
			sourceTree = "<group>";
		};
		90DA30D9239003B100AF9AF2 /* Views */ = {
			isa = PBXGroup;
			children = (
				90DA30AD238D657300AF9AF2 /* CurveExplorerViewController.swift */,
				90DA30DD2390045B00AF9AF2 /* MovieOverviewTableCell.swift */,
			);
			path = Views;
			sourceTree = "<group>";
		};
		90DA30DA239003BC00AF9AF2 /* ViewModel */ = {
			isa = PBXGroup;
			children = (
				90DA30DF239035ED00AF9AF2 /* CurveMovieExplorerViewModel.swift */,
			);
			path = ViewModel;
			sourceTree = "<group>";
		};
		90DA30DB239003C900AF9AF2 /* Network */ = {
			isa = PBXGroup;
			children = (
				90DA30E1239038E000AF9AF2 /* NetworkQueryService.swift */,
				90DA30E3239038F600AF9AF2 /* NetworkDownloadService.swift */,
			);
			path = Network;
			sourceTree = "<group>";
		};
		90DA30DC239003D900AF9AF2 /* Model */ = {
			isa = PBXGroup;
			children = (
				90DA30E52390395D00AF9AF2 /* Movie.swift */,
			);
			path = Model;
			sourceTree = "<group>";
		};
/* End PBXGroup section */

/* Begin PBXNativeTarget section */
		90DA30A5238D657300AF9AF2 /* CurveMovieExplorer */ = {
			isa = PBXNativeTarget;
			buildConfigurationList = 90DA30D0238D657400AF9AF2 /* Build configuration list for PBXNativeTarget "CurveMovieExplorer" */;
			buildPhases = (
				90DA30A2238D657300AF9AF2 /* Sources */,
				90DA30A3238D657300AF9AF2 /* Frameworks */,
				90DA30A4238D657300AF9AF2 /* Resources */,
			);
			buildRules = (
			);
			dependencies = (
			);
			name = CurveMovieExplorer;
			productName = CurveMovieExplorer;
			productReference = 90DA30A6238D657300AF9AF2 /* CurveMovieExplorer.app */;
			productType = "com.apple.product-type.application";
		};
		90DA30BB238D657400AF9AF2 /* CurveMovieExplorerTests */ = {
			isa = PBXNativeTarget;
			buildConfigurationList = 90DA30D3238D657400AF9AF2 /* Build configuration list for PBXNativeTarget "CurveMovieExplorerTests" */;
			buildPhases = (
				90DA30B8238D657400AF9AF2 /* Sources */,
				90DA30B9238D657400AF9AF2 /* Frameworks */,
				90DA30BA238D657400AF9AF2 /* Resources */,
			);
			buildRules = (
			);
			dependencies = (
				90DA30BE238D657400AF9AF2 /* PBXTargetDependency */,
			);
			name = CurveMovieExplorerTests;
			productName = CurveMovieExplorerTests;
			productReference = 90DA30BC238D657400AF9AF2 /* CurveMovieExplorerTests.xctest */;
			productType = "com.apple.product-type.bundle.unit-test";
		};
		90DA30C6238D657400AF9AF2 /* CurveMovieExplorerUITests */ = {
			isa = PBXNativeTarget;
			buildConfigurationList = 90DA30D6238D657400AF9AF2 /* Build configuration list for PBXNativeTarget "CurveMovieExplorerUITests" */;
			buildPhases = (
				90DA30C3238D657400AF9AF2 /* Sources */,
				90DA30C4238D657400AF9AF2 /* Frameworks */,
				90DA30C5238D657400AF9AF2 /* Resources */,
			);
			buildRules = (
			);
			dependencies = (
				90DA30C9238D657400AF9AF2 /* PBXTargetDependency */,
			);
			name = CurveMovieExplorerUITests;
			productName = CurveMovieExplorerUITests;
			productReference = 90DA30C7238D657400AF9AF2 /* CurveMovieExplorerUITests.xctest */;
			productType = "com.apple.product-type.bundle.ui-testing";
		};
/* End PBXNativeTarget section */

/* Begin PBXProject section */
		90DA309E238D657300AF9AF2 /* Project object */ = {
			isa = PBXProject;
			attributes = {
				LastSwiftUpdateCheck = 1110;
				LastUpgradeCheck = 1110;
				ORGANIZATIONNAME = "Osagie Zogie-Odigie";
				TargetAttributes = {
					90DA30A5238D657300AF9AF2 = {
						CreatedOnToolsVersion = 11.1;
					};
					90DA30BB238D657400AF9AF2 = {
						CreatedOnToolsVersion = 11.1;
						TestTargetID = 90DA30A5238D657300AF9AF2;
					};
					90DA30C6238D657400AF9AF2 = {
						CreatedOnToolsVersion = 11.1;
						TestTargetID = 90DA30A5238D657300AF9AF2;
					};
				};
			};
			buildConfigurationList = 90DA30A1238D657300AF9AF2 /* Build configuration list for PBXProject "CurveMovieExplorer" */;
			compatibilityVersion = "Xcode 9.3";
			developmentRegion = en;
			hasScannedForEncodings = 0;
			knownRegions = (
				en,
				Base,
			);
			mainGroup = 90DA309D238D657300AF9AF2;
			productRefGroup = 90DA30A7238D657300AF9AF2 /* Products */;
			projectDirPath = "";
			projectRoot = "";
			targets = (
				90DA30A5238D657300AF9AF2 /* CurveMovieExplorer */,
				90DA30BB238D657400AF9AF2 /* CurveMovieExplorerTests */,
				90DA30C6238D657400AF9AF2 /* CurveMovieExplorerUITests */,
			);
		};
/* End PBXProject section */

/* Begin PBXResourcesBuildPhase section */
		90DA30A4238D657300AF9AF2 /* Resources */ = {
			isa = PBXResourcesBuildPhase;
			buildActionMask = 2147483647;
			files = (
				90DA30B6238D657400AF9AF2 /* LaunchScreen.storyboard in Resources */,
				90DA30B3238D657400AF9AF2 /* Assets.xcassets in Resources */,
				90DA30B1238D657300AF9AF2 /* Main.storyboard in Resources */,
			);
			runOnlyForDeploymentPostprocessing = 0;
		};
		90DA30BA238D657400AF9AF2 /* Resources */ = {
			isa = PBXResourcesBuildPhase;
			buildActionMask = 2147483647;
			files = (
			);
			runOnlyForDeploymentPostprocessing = 0;
		};
		90DA30C5238D657400AF9AF2 /* Resources */ = {
			isa = PBXResourcesBuildPhase;
			buildActionMask = 2147483647;
			files = (
			);
			runOnlyForDeploymentPostprocessing = 0;
		};
/* End PBXResourcesBuildPhase section */

/* Begin PBXSourcesBuildPhase section */
		90DA30A2238D657300AF9AF2 /* Sources */ = {
			isa = PBXSourcesBuildPhase;
			buildActionMask = 2147483647;
			files = (
				90DA30AE238D657300AF9AF2 /* CurveExplorerViewController.swift in Sources */,
				90DA30AA238D657300AF9AF2 /* AppDelegate.swift in Sources */,
				90DA30E4239038F600AF9AF2 /* NetworkDownloadService.swift in Sources */,
				90DA30E0239035ED00AF9AF2 /* CurveMovieExplorerViewModel.swift in Sources */,
				90DA30DE2390045B00AF9AF2 /* MovieOverviewTableCell.swift in Sources */,
				90DA30AC238D657300AF9AF2 /* SceneDelegate.swift in Sources */,
				90DA30E62390395D00AF9AF2 /* Movie.swift in Sources */,
				90DA30E2239038E000AF9AF2 /* NetworkQueryService.swift in Sources */,
			);
			runOnlyForDeploymentPostprocessing = 0;
		};
		90DA30B8238D657400AF9AF2 /* Sources */ = {
			isa = PBXSourcesBuildPhase;
			buildActionMask = 2147483647;
			files = (
				90DA30C1238D657400AF9AF2 /* CurveMovieExplorerTests.swift in Sources */,
			);
			runOnlyForDeploymentPostprocessing = 0;
		};
		90DA30C3238D657400AF9AF2 /* Sources */ = {
			isa = PBXSourcesBuildPhase;
			buildActionMask = 2147483647;
			files = (
				90DA30CC238D657400AF9AF2 /* CurveMovieExplorerUITests.swift in Sources */,
			);
			runOnlyForDeploymentPostprocessing = 0;
		};
/* End PBXSourcesBuildPhase section */

/* Begin PBXTargetDependency section */
		90DA30BE238D657400AF9AF2 /* PBXTargetDependency */ = {
			isa = PBXTargetDependency;
			target = 90DA30A5238D657300AF9AF2 /* CurveMovieExplorer */;
			targetProxy = 90DA30BD238D657400AF9AF2 /* PBXContainerItemProxy */;
		};
		90DA30C9238D657400AF9AF2 /* PBXTargetDependency */ = {
			isa = PBXTargetDependency;
			target = 90DA30A5238D657300AF9AF2 /* CurveMovieExplorer */;
			targetProxy = 90DA30C8238D657400AF9AF2 /* PBXContainerItemProxy */;
		};
/* End PBXTargetDependency section */

/* Begin PBXVariantGroup section */
		90DA30AF238D657300AF9AF2 /* Main.storyboard */ = {
			isa = PBXVariantGroup;
			children = (
				90DA30B0238D657300AF9AF2 /* Base */,
			);
			name = Main.storyboard;
			sourceTree = "<group>";
		};
		90DA30B4238D657400AF9AF2 /* LaunchScreen.storyboard */ = {
			isa = PBXVariantGroup;
			children = (
				90DA30B5238D657400AF9AF2 /* Base */,
			);
			name = LaunchScreen.storyboard;
			sourceTree = "<group>";
		};
/* End PBXVariantGroup section */

/* Begin XCBuildConfiguration section */
		90DA30CE238D657400AF9AF2 /* Debug */ = {
			isa = XCBuildConfiguration;
			buildSettings = {
				ALWAYS_SEARCH_USER_PATHS = NO;
				CLANG_ANALYZER_NONNULL = YES;
				CLANG_ANALYZER_NUMBER_OBJECT_CONVERSION = YES_AGGRESSIVE;
				CLANG_CXX_LANGUAGE_STANDARD = "gnu++14";
				CLANG_CXX_LIBRARY = "libc++";
				CLANG_ENABLE_MODULES = YES;
				CLANG_ENABLE_OBJC_ARC = YES;
				CLANG_ENABLE_OBJC_WEAK = YES;
				CLANG_WARN_BLOCK_CAPTURE_AUTORELEASING = YES;
				CLANG_WARN_BOOL_CONVERSION = YES;
				CLANG_WARN_COMMA = YES;
				CLANG_WARN_CONSTANT_CONVERSION = YES;
				CLANG_WARN_DEPRECATED_OBJC_IMPLEMENTATIONS = YES;
				CLANG_WARN_DIRECT_OBJC_ISA_USAGE = YES_ERROR;
				CLANG_WARN_DOCUMENTATION_COMMENTS = YES;
				CLANG_WARN_EMPTY_BODY = YES;
				CLANG_WARN_ENUM_CONVERSION = YES;
				CLANG_WARN_INFINITE_RECURSION = YES;
				CLANG_WARN_INT_CONVERSION = YES;
				CLANG_WARN_NON_LITERAL_NULL_CONVERSION = YES;
				CLANG_WARN_OBJC_IMPLICIT_RETAIN_SELF = YES;
				CLANG_WARN_OBJC_LITERAL_CONVERSION = YES;
				CLANG_WARN_OBJC_ROOT_CLASS = YES_ERROR;
				CLANG_WARN_RANGE_LOOP_ANALYSIS = YES;
				CLANG_WARN_STRICT_PROTOTYPES = YES;
				CLANG_WARN_SUSPICIOUS_MOVE = YES;
				CLANG_WARN_UNGUARDED_AVAILABILITY = YES_AGGRESSIVE;
				CLANG_WARN_UNREACHABLE_CODE = YES;
				CLANG_WARN__DUPLICATE_METHOD_MATCH = YES;
				COPY_PHASE_STRIP = NO;
				DEBUG_INFORMATION_FORMAT = dwarf;
				ENABLE_STRICT_OBJC_MSGSEND = YES;
				ENABLE_TESTABILITY = YES;
				GCC_C_LANGUAGE_STANDARD = gnu11;
				GCC_DYNAMIC_NO_PIC = NO;
				GCC_NO_COMMON_BLOCKS = YES;
				GCC_OPTIMIZATION_LEVEL = 0;
				GCC_PREPROCESSOR_DEFINITIONS = (
					"DEBUG=1",
					"$(inherited)",
				);
				GCC_WARN_64_TO_32_BIT_CONVERSION = YES;
				GCC_WARN_ABOUT_RETURN_TYPE = YES_ERROR;
				GCC_WARN_UNDECLARED_SELECTOR = YES;
				GCC_WARN_UNINITIALIZED_AUTOS = YES_AGGRESSIVE;
				GCC_WARN_UNUSED_FUNCTION = YES;
				GCC_WARN_UNUSED_VARIABLE = YES;
				IPHONEOS_DEPLOYMENT_TARGET = 13.1;
				MTL_ENABLE_DEBUG_INFO = INCLUDE_SOURCE;
				MTL_FAST_MATH = YES;
				ONLY_ACTIVE_ARCH = YES;
				SDKROOT = iphoneos;
				SWIFT_ACTIVE_COMPILATION_CONDITIONS = DEBUG;
				SWIFT_OPTIMIZATION_LEVEL = "-Onone";
			};
			name = Debug;
		};
		90DA30CF238D657400AF9AF2 /* Release */ = {
			isa = XCBuildConfiguration;
			buildSettings = {
				ALWAYS_SEARCH_USER_PATHS = NO;
				CLANG_ANALYZER_NONNULL = YES;
				CLANG_ANALYZER_NUMBER_OBJECT_CONVERSION = YES_AGGRESSIVE;
				CLANG_CXX_LANGUAGE_STANDARD = "gnu++14";
				CLANG_CXX_LIBRARY = "libc++";
				CLANG_ENABLE_MODULES = YES;
				CLANG_ENABLE_OBJC_ARC = YES;
				CLANG_ENABLE_OBJC_WEAK = YES;
				CLANG_WARN_BLOCK_CAPTURE_AUTORELEASING = YES;
				CLANG_WARN_BOOL_CONVERSION = YES;
				CLANG_WARN_COMMA = YES;
				CLANG_WARN_CONSTANT_CONVERSION = YES;
				CLANG_WARN_DEPRECATED_OBJC_IMPLEMENTATIONS = YES;
				CLANG_WARN_DIRECT_OBJC_ISA_USAGE = YES_ERROR;
				CLANG_WARN_DOCUMENTATION_COMMENTS = YES;
				CLANG_WARN_EMPTY_BODY = YES;
				CLANG_WARN_ENUM_CONVERSION = YES;
				CLANG_WARN_INFINITE_RECURSION = YES;
				CLANG_WARN_INT_CONVERSION = YES;
				CLANG_WARN_NON_LITERAL_NULL_CONVERSION = YES;
				CLANG_WARN_OBJC_IMPLICIT_RETAIN_SELF = YES;
				CLANG_WARN_OBJC_LITERAL_CONVERSION = YES;
				CLANG_WARN_OBJC_ROOT_CLASS = YES_ERROR;
				CLANG_WARN_RANGE_LOOP_ANALYSIS = YES;
				CLANG_WARN_STRICT_PROTOTYPES = YES;
				CLANG_WARN_SUSPICIOUS_MOVE = YES;
				CLANG_WARN_UNGUARDED_AVAILABILITY = YES_AGGRESSIVE;
				CLANG_WARN_UNREACHABLE_CODE = YES;
				CLANG_WARN__DUPLICATE_METHOD_MATCH = YES;
				COPY_PHASE_STRIP = NO;
				DEBUG_INFORMATION_FORMAT = "dwarf-with-dsym";
				ENABLE_NS_ASSERTIONS = NO;
				ENABLE_STRICT_OBJC_MSGSEND = YES;
				GCC_C_LANGUAGE_STANDARD = gnu11;
				GCC_NO_COMMON_BLOCKS = YES;
				GCC_WARN_64_TO_32_BIT_CONVERSION = YES;
				GCC_WARN_ABOUT_RETURN_TYPE = YES_ERROR;
				GCC_WARN_UNDECLARED_SELECTOR = YES;
				GCC_WARN_UNINITIALIZED_AUTOS = YES_AGGRESSIVE;
				GCC_WARN_UNUSED_FUNCTION = YES;
				GCC_WARN_UNUSED_VARIABLE = YES;
				IPHONEOS_DEPLOYMENT_TARGET = 13.1;
				MTL_ENABLE_DEBUG_INFO = NO;
				MTL_FAST_MATH = YES;
				SDKROOT = iphoneos;
				SWIFT_COMPILATION_MODE = wholemodule;
				SWIFT_OPTIMIZATION_LEVEL = "-O";
				VALIDATE_PRODUCT = YES;
			};
			name = Release;
		};
		90DA30D1238D657400AF9AF2 /* Debug */ = {
			isa = XCBuildConfiguration;
			buildSettings = {
				ASSETCATALOG_COMPILER_APPICON_NAME = AppIcon;
				CODE_SIGN_STYLE = Automatic;
				DEVELOPMENT_TEAM = YF23YAE3CS;
				INFOPLIST_FILE = CurveMovieExplorer/Info.plist;
				LD_RUNPATH_SEARCH_PATHS = (
					"$(inherited)",
					"@executable_path/Frameworks",
				);
				PRODUCT_BUNDLE_IDENTIFIER = com.rmeideas.CurveMovieExplorer;
				PRODUCT_NAME = "$(TARGET_NAME)";
				SWIFT_VERSION = 5.0;
				TARGETED_DEVICE_FAMILY = "1,2";
			};
			name = Debug;
		};
		90DA30D2238D657400AF9AF2 /* Release */ = {
			isa = XCBuildConfiguration;
			buildSettings = {
				ASSETCATALOG_COMPILER_APPICON_NAME = AppIcon;
				CODE_SIGN_STYLE = Automatic;
				DEVELOPMENT_TEAM = YF23YAE3CS;
				INFOPLIST_FILE = CurveMovieExplorer/Info.plist;
				LD_RUNPATH_SEARCH_PATHS = (
					"$(inherited)",
					"@executable_path/Frameworks",
				);
				PRODUCT_BUNDLE_IDENTIFIER = com.rmeideas.CurveMovieExplorer;
				PRODUCT_NAME = "$(TARGET_NAME)";
				SWIFT_VERSION = 5.0;
				TARGETED_DEVICE_FAMILY = "1,2";
			};
			name = Release;
		};
		90DA30D4238D657400AF9AF2 /* Debug */ = {
			isa = XCBuildConfiguration;
			buildSettings = {
				ALWAYS_EMBED_SWIFT_STANDARD_LIBRARIES = YES;
				BUNDLE_LOADER = "$(TEST_HOST)";
				CODE_SIGN_STYLE = Automatic;
				DEVELOPMENT_TEAM = YF23YAE3CS;
				INFOPLIST_FILE = CurveMovieExplorerTests/Info.plist;
				IPHONEOS_DEPLOYMENT_TARGET = 13.1;
				LD_RUNPATH_SEARCH_PATHS = (
					"$(inherited)",
					"@executable_path/Frameworks",
					"@loader_path/Frameworks",
				);
				PRODUCT_BUNDLE_IDENTIFIER = com.rmeideas.CurveMovieExplorerTests;
				PRODUCT_NAME = "$(TARGET_NAME)";
				SWIFT_VERSION = 5.0;
				TARGETED_DEVICE_FAMILY = "1,2";
				TEST_HOST = "$(BUILT_PRODUCTS_DIR)/CurveMovieExplorer.app/CurveMovieExplorer";
			};
			name = Debug;
		};
		90DA30D5238D657400AF9AF2 /* Release */ = {
			isa = XCBuildConfiguration;
			buildSettings = {
				ALWAYS_EMBED_SWIFT_STANDARD_LIBRARIES = YES;
				BUNDLE_LOADER = "$(TEST_HOST)";
				CODE_SIGN_STYLE = Automatic;
				DEVELOPMENT_TEAM = YF23YAE3CS;
				INFOPLIST_FILE = CurveMovieExplorerTests/Info.plist;
				IPHONEOS_DEPLOYMENT_TARGET = 13.1;
				LD_RUNPATH_SEARCH_PATHS = (
					"$(inherited)",
					"@executable_path/Frameworks",
					"@loader_path/Frameworks",
				);
				PRODUCT_BUNDLE_IDENTIFIER = com.rmeideas.CurveMovieExplorerTests;
				PRODUCT_NAME = "$(TARGET_NAME)";
				SWIFT_VERSION = 5.0;
				TARGETED_DEVICE_FAMILY = "1,2";
				TEST_HOST = "$(BUILT_PRODUCTS_DIR)/CurveMovieExplorer.app/CurveMovieExplorer";
			};
			name = Release;
		};
		90DA30D7238D657400AF9AF2 /* Debug */ = {
			isa = XCBuildConfiguration;
			buildSettings = {
				ALWAYS_EMBED_SWIFT_STANDARD_LIBRARIES = YES;
				CODE_SIGN_STYLE = Automatic;
				DEVELOPMENT_TEAM = YF23YAE3CS;
				INFOPLIST_FILE = CurveMovieExplorerUITests/Info.plist;
				LD_RUNPATH_SEARCH_PATHS = (
					"$(inherited)",
					"@executable_path/Frameworks",
					"@loader_path/Frameworks",
				);
				PRODUCT_BUNDLE_IDENTIFIER = com.rmeideas.CurveMovieExplorerUITests;
				PRODUCT_NAME = "$(TARGET_NAME)";
				SWIFT_VERSION = 5.0;
				TARGETED_DEVICE_FAMILY = "1,2";
				TEST_TARGET_NAME = CurveMovieExplorer;
			};
			name = Debug;
		};
		90DA30D8238D657400AF9AF2 /* Release */ = {
			isa = XCBuildConfiguration;
			buildSettings = {
				ALWAYS_EMBED_SWIFT_STANDARD_LIBRARIES = YES;
				CODE_SIGN_STYLE = Automatic;
				DEVELOPMENT_TEAM = YF23YAE3CS;
				INFOPLIST_FILE = CurveMovieExplorerUITests/Info.plist;
				LD_RUNPATH_SEARCH_PATHS = (
					"$(inherited)",
					"@executable_path/Frameworks",
					"@loader_path/Frameworks",
				);
				PRODUCT_BUNDLE_IDENTIFIER = com.rmeideas.CurveMovieExplorerUITests;
				PRODUCT_NAME = "$(TARGET_NAME)";
				SWIFT_VERSION = 5.0;
				TARGETED_DEVICE_FAMILY = "1,2";
				TEST_TARGET_NAME = CurveMovieExplorer;
			};
			name = Release;
		};
/* End XCBuildConfiguration section */

/* Begin XCConfigurationList section */
		90DA30A1238D657300AF9AF2 /* Build configuration list for PBXProject "CurveMovieExplorer" */ = {
			isa = XCConfigurationList;
			buildConfigurations = (
				90DA30CE238D657400AF9AF2 /* Debug */,
				90DA30CF238D657400AF9AF2 /* Release */,
			);
			defaultConfigurationIsVisible = 0;
			defaultConfigurationName = Release;
		};
		90DA30D0238D657400AF9AF2 /* Build configuration list for PBXNativeTarget "CurveMovieExplorer" */ = {
			isa = XCConfigurationList;
			buildConfigurations = (
				90DA30D1238D657400AF9AF2 /* Debug */,
				90DA30D2238D657400AF9AF2 /* Release */,
			);
			defaultConfigurationIsVisible = 0;
			defaultConfigurationName = Release;
		};
		90DA30D3238D657400AF9AF2 /* Build configuration list for PBXNativeTarget "CurveMovieExplorerTests" */ = {
			isa = XCConfigurationList;
			buildConfigurations = (
				90DA30D4238D657400AF9AF2 /* Debug */,
				90DA30D5238D657400AF9AF2 /* Release */,
			);
			defaultConfigurationIsVisible = 0;
			defaultConfigurationName = Release;
		};
		90DA30D6238D657400AF9AF2 /* Build configuration list for PBXNativeTarget "CurveMovieExplorerUITests" */ = {
			isa = XCConfigurationList;
			buildConfigurations = (
				90DA30D7238D657400AF9AF2 /* Debug */,
				90DA30D8238D657400AF9AF2 /* Release */,
			);
			defaultConfigurationIsVisible = 0;
			defaultConfigurationName = Release;
		};
/* End XCConfigurationList section */
	};
	rootObject = 90DA309E238D657300AF9AF2 /* Project object */;
}
